DEPENDENCIES
  collectd
    git: git://github.com/hectcastro/chef-collectd.git
    revision: 2d91ab8c1477ca64dc7a7be4f9a460fb1fef176a
  grafana
    git: git://github.com/JonathanTron/chef-grafana.git
    revision: 4ab360b260bd5863bbadd0fb423f3ab0e51c57f8
  influxdb

GRAPH
  7-zip (1.0.2)
    windows (>= 1.2.2)
  apt (2.6.1)
  ark (0.9.0)
    7-zip (>= 0.0.0)
    windows (>= 0.0.0)
  bluepill (2.3.1)
    rsyslog (>= 0.0.0)
  build-essential (2.1.3)
  chef_handler (1.1.6)
  collectd (0.5.1)
    build-essential (>= 0.0.0)
    yum-epel (>= 0.0.0)
  dmg (2.2.2)
  git (4.1.0)
    build-essential (>= 0.0.0)
    dmg (>= 0.0.0)
    runit (>= 1.0)
    windows (>= 0.0.0)
    yum (~> 3.0)
    yum-epel (>= 0.0.0)
  grafana (1.5.4)
    ark (>= 0.7.2)
    git (>= 0.0.0)
    nginx (>= 0.0.0)
  influxdb (0.1.4)
    limits (~> 0.2)
  limits (0.2.0)
  nginx (2.7.4)
    apt (~> 2.2)
    bluepill (~> 2.3)
    build-essential (~> 2.0)
    ohai (~> 2.0)
    runit (~> 1.2)
    yum-epel (~> 0.3)
  ohai (2.0.1)
  rsyslog (1.14.0)
  runit (1.5.18)
    build-essential (>= 0.0.0)
    yum (~> 3.0)
    yum-epel (>= 0.0.0)
  windows (1.36.6)
    chef_handler (>= 0.0.0)
  yum (3.5.3)
  yum-epel (0.6.0)
    yum (~> 3.0)
