DEPENDENCIES
  chruby
  database
  postgresql
  sandy-dev
    path: .
    metadata: true
  user
  yum-gina
    git: git@github.com:gina-alaska/yum-gina-cookbook.git
    revision: 0b944c07c4416c0be5e60c2afbe384f34ee48e2e

GRAPH
  7-zip (1.0.2)
    windows (>= 1.2.2)
  apt (2.6.0)
  ark (0.9.0)
    7-zip (>= 0.0.0)
    windows (>= 0.0.0)
  aws (2.4.0)
  build-essential (2.0.6)
  chef-sugar (2.3.2)
  chef_handler (1.1.6)
  chruby (0.2.2)
    ark (>= 0.0.0)
    ruby_build (>= 0.0.0)
  database (2.3.0)
    aws (>= 0.0.0)
    mysql (>= 5.0.0)
    mysql-chef_gem (>= 0.0.0)
    postgresql (>= 1.0.0)
    xfs (>= 0.0.0)
  mysql (5.5.4)
    yum-mysql-community (>= 0.0.0)
  mysql-chef_gem (0.0.5)
    build-essential (>= 0.0.0)
    mysql (>= 0.0.0)
  openssl (2.0.0)
    chef-sugar (>= 0.0.0)
  postgresql (3.4.10)
    apt (>= 1.9.0)
    build-essential (>= 0.0.0)
    openssl (>= 0.0.0)
  ruby_build (0.8.0)
  sandy-dev (0.1.0)
    chruby (>= 0.0.0)
    database (>= 0.0.0)
    postgresql (>= 0.0.0)
    user (>= 0.0.0)
    yum-gina (>= 0.0.0)
  user (0.3.0)
  windows (1.34.6)
    chef_handler (>= 0.0.0)
  xfs (1.1.0)
  yum (3.3.2)
  yum-gina (0.1.0)
    yum (~> 3.0)
  yum-mysql-community (0.1.10)
    yum (>= 3.0)
