DEPENDENCIES
  chef-client
  chef-server
  chruby
  cspp
    git: git://github.com/gina-alaska/cspp-cookbook.git
    revision: da316e73927b378ced1abf1338c941c12fb3398d
  gina-gluster
    git: git@github.com:gina-alaska/gina-gluster-cookbook
    revision: d898f1328501dcf5670588dc9baf5e849182cd33
  iptables-ng
  logrotate (~> 1.6.0)
  ntp
  openssh
  polar2grid
    git: git://github.com/gina-alaska/polar2grid-cookbook.git
    revision: 4bc9f0b67c04eeeddc4a34335328a17f96896176
  postgresql
  redisio
  resolver
  rtstps
    git: git://github.com/gina-alaska/rtstps-cookbook.git
    revision: 87de4cca5e01405b7b515a7246bcc015b2b3d0e3
  sandy
    path: cookbooks/sandy-rails
  sandy-chef-server
    path: cookbooks/sandy-chef-server
  sandy-dhcp
    path: cookbooks/sandy-dhcp
  sandy-sudoers
    path: cookbooks/sandy-sudoers
  yum-gina
    git: git@github.com:gina-alaska/yum-gina-cookbook
    revision: 0b944c07c4416c0be5e60c2afbe384f34ee48e2e

GRAPH
  7-zip (1.0.2)
    windows (>= 1.2.2)
  apt (2.6.0)
  ark (0.9.0)
    7-zip (>= 0.0.0)
    windows (>= 0.0.0)
  aws (2.5.0)
  bluepill (2.3.1)
    rsyslog (>= 0.0.0)
  build-essential (2.1.2)
  chef-client (3.9.0)
    cron (>= 1.2.0)
    logrotate (>= 1.2.0)
    windows (~> 1.11)
  chef-server (2.1.6)
  chef-server-populator (0.3.2)
    chef-server (>= 2.1.0)
  chef-sugar (2.4.1)
  chef_handler (1.1.6)
  chruby (0.2.2)
    ark (>= 0.0.0)
    ruby_build (>= 0.0.0)
  cron (1.6.1)
  cspp (2.0.0)
    tar (>= 0.0.0)
  database (2.3.0)
    aws (>= 0.0.0)
    mysql (>= 5.0.0)
    mysql-chef_gem (>= 0.0.0)
    postgresql (>= 1.0.0)
    xfs (>= 0.0.0)
  dhcp (2.2.2)
    helpers-databags (>= 0.0.0)
    ruby-helper (>= 0.0.0)
  gina-gluster (1.0.2)
    apt (>= 0.0.0)
    logrotate (~> 1.6.0)
    ohai (>= 0.0.0)
    yum (~> 3.0)
  helpers-databags (1.0.0)
  iptables (0.14.0)
  iptables-ng (2.2.2)
  java (1.28.0)
  logrotate (1.6.0)
  mysql (5.6.1)
    yum-mysql-community (>= 0.0.0)
  mysql-chef_gem (0.0.5)
    build-essential (>= 0.0.0)
    mysql (>= 0.0.0)
  nginx (2.7.4)
    apt (~> 2.2)
    bluepill (~> 2.3)
    build-essential (~> 2.0)
    ohai (~> 2.0)
    runit (~> 1.2)
    yum-epel (~> 0.3)
  ntp (1.6.5)
  ohai (2.0.1)
  openssh (1.3.4)
    iptables (>= 0.0.0)
  openssl (2.0.0)
    chef-sugar (>= 0.0.0)
  polar2grid (0.3.0)
    ark (>= 0.0.0)
  postgresql (3.4.12)
    apt (>= 1.9.0)
    build-essential (>= 0.0.0)
    openssl (>= 0.0.0)
  redisio (2.2.4)
    build-essential (>= 0.0.0)
    ulimit (>= 0.1.2)
  resolver (1.2.0)
  rsyslog (1.12.2)
  rtstps (2.0.0)
    java (>= 0.0.0)
  ruby-helper (0.0.1)
  ruby_build (0.8.0)
  runit (1.5.10)
    build-essential (>= 0.0.0)
    yum (~> 3.0)
    yum-epel (>= 0.0.0)
  sandy (0.1.1)
    chruby (>= 0.0.0)
    database (>= 0.0.0)
    nginx (>= 0.0.0)
    postgresql (>= 0.0.0)
    redisio (>= 0.0.0)
    runit (>= 0.0.0)
    unicorn (>= 0.0.0)
    yum-epel (>= 0.0.0)
    yum-gina (>= 0.0.0)
  sandy-chef-server (0.1.0)
    chef-client (>= 0.0.0)
    chef-server (>= 0.0.0)
    chef-server-populator (>= 0.0.0)
    chef-sugar (>= 0.0.0)
  sandy-dhcp (0.1.0)
    dhcp (>= 0.0.0)
  sandy-sudoers (0.1.4)
    sudo (>= 0.0.0)
    user (>= 0.0.0)
  sudo (2.7.1)
  tar (0.5.0)
  ulimit (0.3.2)
  unicorn (2.0.0)
  user (0.3.0)
  windows (1.34.8)
    chef_handler (>= 0.0.0)
  xfs (1.1.0)
  yum (3.4.1)
  yum-epel (0.5.2)
    yum (~> 3.0)
  yum-gina (0.1.0)
    yum (~> 3.0)
  yum-mysql-community (0.1.10)
    yum (>= 3.0)
